
Microsoft Visual Studio Solution File, Format Version 12.00
# Visual Studio 15
VisualStudioVersion = 15.0.28307.421
MinimumVisualStudioVersion = 10.0.40219.1
Project("{9A19103F-16F7-4668-BE54-9A1E7A4F7556}") = "Appeon.DataStoreDemo.Oracle", "Appeon.DataStoreDemo.Oracle\Appeon.DataStoreDemo.Oracle.csproj", "{EC48C460-CEDA-49AD-B05C-05A3CCF373DD}"
EndProject
Project("{9A19103F-16F7-4668-BE54-9A1E7A4F7556}") = "Appeon.DataStoreDemo.PostgreSQL", "Appeon.DataStoreDemo.PostgreSQL\Appeon.DataStoreDemo.PostgreSQL.csproj", "{C8D7D31A-E498-4A31-AAB6-D554462F30EA}"
EndProject
Project("{9A19103F-16F7-4668-BE54-9A1E7A4F7556}") = "Appeon.DataStoreDemo.SqlAnyWhere", "Appeon.DataStoreDemo.SqlAnyWhere\Appeon.DataStoreDemo.SqlAnyWhere.csproj", "{17FAE0A2-50B7-4FDA-BF47-66F336F538DA}"
EndProject
Project("{2150E333-8FDC-42A3-9474-1A3956D46DE8}") = "Appeon.SalesDemo.PB", "Appeon.SalesDemo.PB", "{94C9047E-05EE-4F63-9DD5-ABF2C893E214}"
EndProject
Project("{2150E333-8FDC-42A3-9474-1A3956D46DE8}") = "SalesDemo", "SalesDemo", "{5A8645EE-8681-4867-9FE2-84F8E8899D07}"
	ProjectSection(SolutionItems) = preProject
		Appeon.SalesDemo.PB\SalesDemo\apisetup.ini = Appeon.SalesDemo.PB\SalesDemo\apisetup.ini
		Appeon.SalesDemo.PB\SalesDemo\common.pbl = Appeon.SalesDemo.PB\SalesDemo\common.pbl
		Appeon.SalesDemo.PB\SalesDemo\person.pbl = Appeon.SalesDemo.PB\SalesDemo\person.pbl
		Appeon.SalesDemo.PB\SalesDemo\product.pbl = Appeon.SalesDemo.PB\SalesDemo\product.pbl
		Appeon.SalesDemo.PB\SalesDemo\report.pbl = Appeon.SalesDemo.PB\SalesDemo\report.pbl
		Appeon.SalesDemo.PB\SalesDemo\salesdemo.pbl = Appeon.SalesDemo.PB\SalesDemo\salesdemo.pbl
		Appeon.SalesDemo.PB\SalesDemo\salesdemo.pbt = Appeon.SalesDemo.PB\SalesDemo\salesdemo.pbt
		Appeon.SalesDemo.PB\SalesDemo\SalesDemo.pbw = Appeon.SalesDemo.PB\SalesDemo\SalesDemo.pbw
		Appeon.SalesDemo.PB\SalesDemo\salesdemo.usr.opt = Appeon.SalesDemo.PB\SalesDemo\salesdemo.usr.opt
		Appeon.SalesDemo.PB\SalesDemo\salesorder.pbl = Appeon.SalesDemo.PB\SalesDemo\salesorder.pbl
		Appeon.SalesDemo.PB\SalesDemo\webapi.pbl = Appeon.SalesDemo.PB\SalesDemo\webapi.pbl
	EndProjectSection
EndProject
Project("{2150E333-8FDC-42A3-9474-1A3956D46DE8}") = "image", "image", "{A5C4FA7E-1A18-4CBD-8315-10BD638F128C}"
	ProjectSection(SolutionItems) = preProject
		Appeon.SalesDemo.PB\SalesDemo\image\address.png = Appeon.SalesDemo.PB\SalesDemo\image\address.png
		Appeon.SalesDemo.PB\SalesDemo\image\address_active.png = Appeon.SalesDemo.PB\SalesDemo\image\address_active.png
		Appeon.SalesDemo.PB\SalesDemo\image\Area.PNG = Appeon.SalesDemo.PB\SalesDemo\image\Area.PNG
		Appeon.SalesDemo.PB\SalesDemo\image\background.PNG = Appeon.SalesDemo.PB\SalesDemo\image\background.PNG
		Appeon.SalesDemo.PB\SalesDemo\image\Bar.PNG = Appeon.SalesDemo.PB\SalesDemo\image\Bar.PNG
		Appeon.SalesDemo.PB\SalesDemo\image\CRM.ico = Appeon.SalesDemo.PB\SalesDemo\image\CRM.ico
		Appeon.SalesDemo.PB\SalesDemo\image\customer.png = Appeon.SalesDemo.PB\SalesDemo\image\customer.png
		Appeon.SalesDemo.PB\SalesDemo\image\customer_active.png = Appeon.SalesDemo.PB\SalesDemo\image\customer_active.png
		Appeon.SalesDemo.PB\SalesDemo\image\Line.PNG = Appeon.SalesDemo.PB\SalesDemo\image\Line.PNG
		Appeon.SalesDemo.PB\SalesDemo\image\order.png = Appeon.SalesDemo.PB\SalesDemo\image\order.png
		Appeon.SalesDemo.PB\SalesDemo\image\order_active.png = Appeon.SalesDemo.PB\SalesDemo\image\order_active.png
		Appeon.SalesDemo.PB\SalesDemo\image\product.png = Appeon.SalesDemo.PB\SalesDemo\image\product.png
		Appeon.SalesDemo.PB\SalesDemo\image\product_active.png = Appeon.SalesDemo.PB\SalesDemo\image\product_active.png
		Appeon.SalesDemo.PB\SalesDemo\image\quit.png = Appeon.SalesDemo.PB\SalesDemo\image\quit.png
		Appeon.SalesDemo.PB\SalesDemo\image\settings.png = Appeon.SalesDemo.PB\SalesDemo\image\settings.png
		Appeon.SalesDemo.PB\SalesDemo\image\settings_active.png = Appeon.SalesDemo.PB\SalesDemo\image\settings_active.png
		Appeon.SalesDemo.PB\SalesDemo\image\statistics.png = Appeon.SalesDemo.PB\SalesDemo\image\statistics.png
		Appeon.SalesDemo.PB\SalesDemo\image\statistics_active.png = Appeon.SalesDemo.PB\SalesDemo\image\statistics_active.png
	EndProjectSection
EndProject
Project("{2150E333-8FDC-42A3-9474-1A3956D46DE8}") = "Release", "Release", "{0EAC29D6-ADFC-4CC9-A85A-007E7A2D055E}"
	ProjectSection(SolutionItems) = preProject
		Appeon.SalesDemo.PB\SalesDemo\Release\apisetup.ini = Appeon.SalesDemo.PB\SalesDemo\Release\apisetup.ini
		Appeon.SalesDemo.PB\SalesDemo\Release\common.pbd = Appeon.SalesDemo.PB\SalesDemo\Release\common.pbd
		Appeon.SalesDemo.PB\SalesDemo\Release\person.pbd = Appeon.SalesDemo.PB\SalesDemo\Release\person.pbd
		Appeon.SalesDemo.PB\SalesDemo\Release\product.pbd = Appeon.SalesDemo.PB\SalesDemo\Release\product.pbd
		Appeon.SalesDemo.PB\SalesDemo\Release\report.pbd = Appeon.SalesDemo.PB\SalesDemo\Release\report.pbd
		Appeon.SalesDemo.PB\SalesDemo\Release\salesdemo.exe = Appeon.SalesDemo.PB\SalesDemo\Release\salesdemo.exe
		Appeon.SalesDemo.PB\SalesDemo\Release\salesdemo.pbd = Appeon.SalesDemo.PB\SalesDemo\Release\salesdemo.pbd
		Appeon.SalesDemo.PB\SalesDemo\Release\salesorder.pbd = Appeon.SalesDemo.PB\SalesDemo\Release\salesorder.pbd
		Appeon.SalesDemo.PB\SalesDemo\Release\webapi.pbd = Appeon.SalesDemo.PB\SalesDemo\Release\webapi.pbd
	EndProjectSection
EndProject
Project("{9A19103F-16F7-4668-BE54-9A1E7A4F7556}") = "Appeon.DataStoreDemo.SqlServer", "Appeon.DataStoreDemo.SqlServer\Appeon.DataStoreDemo.SqlServer.csproj", "{2B6907E0-21B3-4DC9-B273-6EA77B563D4F}"
EndProject
Global
	GlobalSection(SolutionConfigurationPlatforms) = preSolution
		Debug|Any CPU = Debug|Any CPU
		Release|Any CPU = Release|Any CPU
	EndGlobalSection
	GlobalSection(ProjectConfigurationPlatforms) = postSolution
		{EC48C460-CEDA-49AD-B05C-05A3CCF373DD}.Debug|Any CPU.ActiveCfg = Debug|Any CPU
		{EC48C460-CEDA-49AD-B05C-05A3CCF373DD}.Debug|Any CPU.Build.0 = Debug|Any CPU
		{EC48C460-CEDA-49AD-B05C-05A3CCF373DD}.Release|Any CPU.ActiveCfg = Release|Any CPU
		{EC48C460-CEDA-49AD-B05C-05A3CCF373DD}.Release|Any CPU.Build.0 = Release|Any CPU
		{C8D7D31A-E498-4A31-AAB6-D554462F30EA}.Debug|Any CPU.ActiveCfg = Debug|Any CPU
		{C8D7D31A-E498-4A31-AAB6-D554462F30EA}.Debug|Any CPU.Build.0 = Debug|Any CPU
		{C8D7D31A-E498-4A31-AAB6-D554462F30EA}.Release|Any CPU.ActiveCfg = Release|Any CPU
		{C8D7D31A-E498-4A31-AAB6-D554462F30EA}.Release|Any CPU.Build.0 = Release|Any CPU
		{17FAE0A2-50B7-4FDA-BF47-66F336F538DA}.Debug|Any CPU.ActiveCfg = Debug|Any CPU
		{17FAE0A2-50B7-4FDA-BF47-66F336F538DA}.Debug|Any CPU.Build.0 = Debug|Any CPU
		{17FAE0A2-50B7-4FDA-BF47-66F336F538DA}.Release|Any CPU.ActiveCfg = Release|Any CPU
		{17FAE0A2-50B7-4FDA-BF47-66F336F538DA}.Release|Any CPU.Build.0 = Release|Any CPU
		{2B6907E0-21B3-4DC9-B273-6EA77B563D4F}.Debug|Any CPU.ActiveCfg = Debug|Any CPU
		{2B6907E0-21B3-4DC9-B273-6EA77B563D4F}.Debug|Any CPU.Build.0 = Debug|Any CPU
		{2B6907E0-21B3-4DC9-B273-6EA77B563D4F}.Release|Any CPU.ActiveCfg = Release|Any CPU
		{2B6907E0-21B3-4DC9-B273-6EA77B563D4F}.Release|Any CPU.Build.0 = Release|Any CPU
	EndGlobalSection
	GlobalSection(SolutionProperties) = preSolution
		HideSolutionNode = FALSE
	EndGlobalSection
	GlobalSection(NestedProjects) = preSolution
		{5A8645EE-8681-4867-9FE2-84F8E8899D07} = {94C9047E-05EE-4F63-9DD5-ABF2C893E214}
		{A5C4FA7E-1A18-4CBD-8315-10BD638F128C} = {5A8645EE-8681-4867-9FE2-84F8E8899D07}
		{0EAC29D6-ADFC-4CC9-A85A-007E7A2D055E} = {5A8645EE-8681-4867-9FE2-84F8E8899D07}
	EndGlobalSection
	GlobalSection(ExtensibilityGlobals) = postSolution
		SolutionGuid = {8AADA641-1F88-452A-97F6-6B0DB02C62F4}
	EndGlobalSection
EndGlobal
