
Microsoft Visual Studio Solution File, Format Version 12.00
# Visual Studio 15
VisualStudioVersion = 15.0.28307.421
MinimumVisualStudioVersion = 10.0.40219.1
Project("{9A19103F-16F7-4668-BE54-9A1E7A4F7556}") = "Appeon.DataStoreDemo.SqlServer", "Appeon.DataStoreDemo.SqlServer\Appeon.DataStoreDemo.SqlServer.csproj", "{2B6907E0-21B3-4DC9-B273-6EA77B563D4F}"
EndProject
Global
	GlobalSection(SolutionConfigurationPlatforms) = preSolution
		Debug|Any CPU = Debug|Any CPU
		Release|Any CPU = Release|Any CPU
	EndGlobalSection
	GlobalSection(ProjectConfigurationPlatforms) = postSolution
		{2B6907E0-21B3-4DC9-B273-6EA77B563D4F}.Debug|Any CPU.ActiveCfg = Debug|Any CPU
		{2B6907E0-21B3-4DC9-B273-6EA77B563D4F}.Debug|Any CPU.Build.0 = Debug|Any CPU
		{2B6907E0-21B3-4DC9-B273-6EA77B563D4F}.Release|Any CPU.ActiveCfg = Release|Any CPU
		{2B6907E0-21B3-4DC9-B273-6EA77B563D4F}.Release|Any CPU.Build.0 = Release|Any CPU
	EndGlobalSection
	GlobalSection(SolutionProperties) = preSolution
		HideSolutionNode = FALSE
	EndGlobalSection
	GlobalSection(ExtensibilityGlobals) = postSolution
		SolutionGuid = {8AADA641-1F88-452A-97F6-6B0DB02C62F4}
	EndGlobalSection
EndGlobal
