
Microsoft Visual Studio Solution File, Format Version 12.00
# Visual Studio 15
VisualStudioVersion = 15.0.28307.421
MinimumVisualStudioVersion = 10.0.40219.1
Project("{2150E333-8FDC-42A3-9474-1A3956D46DE8}") = "Appeon.SalesDemo.PB", "Appeon.SalesDemo.PB", "{94C9047E-05EE-4F63-9DD5-ABF2C893E214}"
	ProjectSection(SolutionItems) = preProject
		Appeon.SalesDemo.PB\apisetup.ini = Appeon.SalesDemo.PB\apisetup.ini
		Appeon.SalesDemo.PB\common.pbl = Appeon.SalesDemo.PB\common.pbl
		Appeon.SalesDemo.PB\person.pbl = Appeon.SalesDemo.PB\person.pbl
		Appeon.SalesDemo.PB\product.pbl = Appeon.SalesDemo.PB\product.pbl
		Appeon.SalesDemo.PB\report.pbl = Appeon.SalesDemo.PB\report.pbl
		Appeon.SalesDemo.PB\salesdemo.pbl = Appeon.SalesDemo.PB\salesdemo.pbl
		Appeon.SalesDemo.PB\salesdemo.pbt = Appeon.SalesDemo.PB\salesdemo.pbt
		Appeon.SalesDemo.PB\SalesDemo.pbw = Appeon.SalesDemo.PB\SalesDemo.pbw
		Appeon.SalesDemo.PB\salesdemo.usr.opt = Appeon.SalesDemo.PB\salesdemo.usr.opt
		Appeon.SalesDemo.PB\salesorder.pbl = Appeon.SalesDemo.PB\salesorder.pbl
		Appeon.SalesDemo.PB\webapi.pbl = Appeon.SalesDemo.PB\webapi.pbl
	EndProjectSection
EndProject
Project("{9A19103F-16F7-4668-BE54-9A1E7A4F7556}") = "Appeon.DataStoreDemo.SqlServer", "Appeon.DataStoreDemo.SqlServer\Appeon.DataStoreDemo.SqlServer.csproj", "{2B6907E0-21B3-4DC9-B273-6EA77B563D4F}"
EndProject
Project("{2150E333-8FDC-42A3-9474-1A3956D46DE8}") = "image", "image", "{DEC643BA-385C-4208-80B0-CEA89AAC3765}"
	ProjectSection(SolutionItems) = preProject
		Appeon.SalesDemo.PB\image\address.png = Appeon.SalesDemo.PB\image\address.png
		Appeon.SalesDemo.PB\image\address_active.png = Appeon.SalesDemo.PB\image\address_active.png
		Appeon.SalesDemo.PB\image\Area.PNG = Appeon.SalesDemo.PB\image\Area.PNG
		Appeon.SalesDemo.PB\image\background.PNG = Appeon.SalesDemo.PB\image\background.PNG
		Appeon.SalesDemo.PB\image\Bar.PNG = Appeon.SalesDemo.PB\image\Bar.PNG
		Appeon.SalesDemo.PB\image\CRM.ico = Appeon.SalesDemo.PB\image\CRM.ico
		Appeon.SalesDemo.PB\image\customer.png = Appeon.SalesDemo.PB\image\customer.png
		Appeon.SalesDemo.PB\image\customer_active.png = Appeon.SalesDemo.PB\image\customer_active.png
		Appeon.SalesDemo.PB\image\Line.PNG = Appeon.SalesDemo.PB\image\Line.PNG
		Appeon.SalesDemo.PB\image\order.png = Appeon.SalesDemo.PB\image\order.png
		Appeon.SalesDemo.PB\image\order_active.png = Appeon.SalesDemo.PB\image\order_active.png
		Appeon.SalesDemo.PB\image\product.png = Appeon.SalesDemo.PB\image\product.png
		Appeon.SalesDemo.PB\image\product_active.png = Appeon.SalesDemo.PB\image\product_active.png
		Appeon.SalesDemo.PB\image\quit.png = Appeon.SalesDemo.PB\image\quit.png
		Appeon.SalesDemo.PB\image\settings.png = Appeon.SalesDemo.PB\image\settings.png
		Appeon.SalesDemo.PB\image\settings_active.png = Appeon.SalesDemo.PB\image\settings_active.png
		Appeon.SalesDemo.PB\image\statistics.png = Appeon.SalesDemo.PB\image\statistics.png
		Appeon.SalesDemo.PB\image\statistics_active.png = Appeon.SalesDemo.PB\image\statistics_active.png
	EndProjectSection
EndProject
Global
	GlobalSection(SolutionConfigurationPlatforms) = preSolution
		Debug|Any CPU = Debug|Any CPU
		Release|Any CPU = Release|Any CPU
	EndGlobalSection
	GlobalSection(ProjectConfigurationPlatforms) = postSolution
		{2B6907E0-21B3-4DC9-B273-6EA77B563D4F}.Debug|Any CPU.ActiveCfg = Debug|Any CPU
		{2B6907E0-21B3-4DC9-B273-6EA77B563D4F}.Debug|Any CPU.Build.0 = Debug|Any CPU
		{2B6907E0-21B3-4DC9-B273-6EA77B563D4F}.Release|Any CPU.ActiveCfg = Release|Any CPU
		{2B6907E0-21B3-4DC9-B273-6EA77B563D4F}.Release|Any CPU.Build.0 = Release|Any CPU
	EndGlobalSection
	GlobalSection(SolutionProperties) = preSolution
		HideSolutionNode = FALSE
	EndGlobalSection
	GlobalSection(NestedProjects) = preSolution
		{DEC643BA-385C-4208-80B0-CEA89AAC3765} = {94C9047E-05EE-4F63-9DD5-ABF2C893E214}
	EndGlobalSection
	GlobalSection(ExtensibilityGlobals) = postSolution
		SolutionGuid = {8AADA641-1F88-452A-97F6-6B0DB02C62F4}
	EndGlobalSection
EndGlobal
