
Microsoft Visual Studio Solution File, Format Version 12.00
# Visual Studio 15
VisualStudioVersion = 15.0.27004.2005
MinimumVisualStudioVersion = 10.0.40219.1
Project("{9A19103F-16F7-4668-BE54-9A1E7A4F7556}") = "Appeon.DataStoreDemo", "Appeon.DataStoreDemo/Appeon.DataStoreDemo.csproj", "{EE78D0E9-05E2-498D-841E-7E595E26D548}"
EndProject
Global	
	GlobalSection(SolutionConfigurationPlatforms) = preSolution
		Debug|Any CPU = Debug|Any CPU
		Release|Any CPU = Release|Any CPU
	EndGlobalSection
	GlobalSection(ProjectConfigurationPlatforms) = postSolution
		{EE78D0E9-05E2-498D-841E-7E595E26D548}.Debug|Any CPU.ActiveCfg = Debug|Any CPU
		{EE78D0E9-05E2-498D-841E-7E595E26D548}.Debug|Any CPU.Build.0 = Debug|Any CPU
		{EE78D0E9-05E2-498D-841E-7E595E26D548}.Release|Any CPU.ActiveCfg = Release|Any CPU
		{EE78D0E9-05E2-498D-841E-7E595E26D548}.Release|Any CPU.Build.0 = Release|Any CPU
	EndGlobalSection
	GlobalSection(SolutionProperties) = preSolution
		HideSolutionNode = FALSE
	EndGlobalSection
	GlobalSection(ExtensibilityGlobals) = postSolution
		SolutionGuid = {7933741C-8E8C-4CC0-9BD4-30DC5C7431AA}
	EndGlobalSection
EndGlobal
